
Microsoft Visual Studio Solution File, Format Version 12.00
# Visual Studio Version 17
VisualStudioVersion = 17.11.35312.102
MinimumVisualStudioVersion = 10.0.40219.1
Project("{9A19103F-16F7-4668-BE54-9A1E7A4F7556}") = "Endava", "Endava.csproj", "{651C59DB-0828-4B26-B312-05BAF4CA06B2}"
EndProject
Project("{9A19103F-16F7-4668-BE54-9A1E7A4F7556}") = "ServiceLayer", "..\ServiceLayer\ServiceLayer.csproj", "{2260C9E5-5E67-473A-8615-96AC3E7D80B5}"
EndProject
Project("{FAE04EC0-301F-11D3-BF4B-00C04F79EFBC}") = "DAL", "..\DAL\DAL.csproj", "{EC862055-36D0-45FB-8C9E-FC7DBBFA26FC}"
EndProject
Project("{FAE04EC0-301F-11D3-BF4B-00C04F79EFBC}") = "Common", "..\Common\Common.csproj", "{36673B5E-1345-4866-9FAA-AC7AFB7138D1}"
EndProject
Project("{FAE04EC0-301F-11D3-BF4B-00C04F79EFBC}") = "ServiceLayerTest", "..\ServiceLayerTest\ServiceLayerTest.csproj", "{3C2A3591-C6ED-4CAB-91DB-8E29B0B2FD30}"
EndProject
Global
	GlobalSection(SolutionConfigurationPlatforms) = preSolution
		Debug|Any CPU = Debug|Any CPU
		Release|Any CPU = Release|Any CPU
	EndGlobalSection
	GlobalSection(ProjectConfigurationPlatforms) = postSolution
		{651C59DB-0828-4B26-B312-05BAF4CA06B2}.Debug|Any CPU.ActiveCfg = Debug|Any CPU
		{651C59DB-0828-4B26-B312-05BAF4CA06B2}.Debug|Any CPU.Build.0 = Debug|Any CPU
		{651C59DB-0828-4B26-B312-05BAF4CA06B2}.Release|Any CPU.ActiveCfg = Release|Any CPU
		{651C59DB-0828-4B26-B312-05BAF4CA06B2}.Release|Any CPU.Build.0 = Release|Any CPU
		{2260C9E5-5E67-473A-8615-96AC3E7D80B5}.Debug|Any CPU.ActiveCfg = Debug|Any CPU
		{2260C9E5-5E67-473A-8615-96AC3E7D80B5}.Debug|Any CPU.Build.0 = Debug|Any CPU
		{2260C9E5-5E67-473A-8615-96AC3E7D80B5}.Release|Any CPU.ActiveCfg = Release|Any CPU
		{2260C9E5-5E67-473A-8615-96AC3E7D80B5}.Release|Any CPU.Build.0 = Release|Any CPU
		{EC862055-36D0-45FB-8C9E-FC7DBBFA26FC}.Debug|Any CPU.ActiveCfg = Debug|Any CPU
		{EC862055-36D0-45FB-8C9E-FC7DBBFA26FC}.Debug|Any CPU.Build.0 = Debug|Any CPU
		{EC862055-36D0-45FB-8C9E-FC7DBBFA26FC}.Release|Any CPU.ActiveCfg = Release|Any CPU
		{EC862055-36D0-45FB-8C9E-FC7DBBFA26FC}.Release|Any CPU.Build.0 = Release|Any CPU
		{36673B5E-1345-4866-9FAA-AC7AFB7138D1}.Debug|Any CPU.ActiveCfg = Debug|Any CPU
		{36673B5E-1345-4866-9FAA-AC7AFB7138D1}.Debug|Any CPU.Build.0 = Debug|Any CPU
		{36673B5E-1345-4866-9FAA-AC7AFB7138D1}.Release|Any CPU.ActiveCfg = Release|Any CPU
		{36673B5E-1345-4866-9FAA-AC7AFB7138D1}.Release|Any CPU.Build.0 = Release|Any CPU
		{3C2A3591-C6ED-4CAB-91DB-8E29B0B2FD30}.Debug|Any CPU.ActiveCfg = Debug|Any CPU
		{3C2A3591-C6ED-4CAB-91DB-8E29B0B2FD30}.Debug|Any CPU.Build.0 = Debug|Any CPU
		{3C2A3591-C6ED-4CAB-91DB-8E29B0B2FD30}.Release|Any CPU.ActiveCfg = Release|Any CPU
		{3C2A3591-C6ED-4CAB-91DB-8E29B0B2FD30}.Release|Any CPU.Build.0 = Release|Any CPU
	EndGlobalSection
	GlobalSection(SolutionProperties) = preSolution
		HideSolutionNode = FALSE
	EndGlobalSection
	GlobalSection(ExtensibilityGlobals) = postSolution
		SolutionGuid = {9BA964DF-D850-4049-9B9A-198DE9FAFE02}
	EndGlobalSection
EndGlobal
